{
  "version": 4,
  "terraform_version": "1.10.5",
  "serial": 6,
  "lineage": "87c44f75-692f-1e05-375a-32964dd52fda",
  "outputs": {},
  "resources": [
    {
      "mode": "managed",
      "type": "local_file",
      "name": "pet",
      "provider": "provider[\"registry.terraform.io/hashicorp/local\"]",
      "instances": [
        {
          "schema_version": 0,
          "attributes": {
            "content": "My favorite pet name is  + S-awfully-fairly-together-gnu",
            "content_base64": null,
            "content_base64sha256": "ma1yYVkvHJqcXP2KFWtLNSzKSGKBiukOLCGGxBqATGY=",
            "content_base64sha512": "2VNQkyfng/Im/fR9nQtOFPFEGdroJgAVi+/1oDabj+FZkoyJpS4DI9OmSHWME9nfdSgN3fsTRRU7+lB+UiGAaQ==",
            "content_md5": "b48058d8b1dfe5de9e59c7be6016e797",
            "content_sha1": "10255cf2fead569e36ed2d230eb8cbc4c3e88f87",
            "content_sha256": "99ad7261592f1c9a9c5cfd8a156b4b352cca4862818ae90e2c2186c41a804c66",
            "content_sha512": "d953509327e783f226fdf47d9d0b4e14f14419dae82600158beff5a0369b8fe159928c89a52e0323d3a648758c13d9df75280dddfb1345153bfa507e52218069",
            "directory_permission": "0777",
            "file_permission": "0777",
            "filename": "/home/natsu/test_folder/test.txt",
            "id": "10255cf2fead569e36ed2d230eb8cbc4c3e88f87",
            "sensitive_content": null,
            "source": null
          },
          "sensitive_attributes": [
            [
              {
                "type": "get_attr",
                "value": "sensitive_content"
              }
            ]
          ],
          "dependencies": [
            "random_pet.my-pet"
          ]
        }
      ]
    },
    {
      "mode": "managed",
      "type": "random_pet",
      "name": "my-pet",
      "provider": "provider[\"registry.terraform.io/hashicorp/random\"]",
      "instances": [
        {
          "schema_version": 0,
          "attributes": {
            "id": "S-awfully-fairly-together-gnu",
            "keepers": null,
            "length": 4,
            "prefix": "S",
            "separator": "-"
          },
          "sensitive_attributes": []
        }
      ]
    }
  ],
  "check_results": null
}
